
Microsoft Visual Studio Solution File, Format Version 12.00
# Visual Studio Version 16
VisualStudioVersion = 16.0.28803.452
MinimumVisualStudioVersion = 10.0.40219.1
Project("{9A19103F-16F7-4668-BE54-9A1E7A4F7556}") = "webBikeStore", "webBikeStore.csproj", "{84F2E090-C3FF-42DD-A2CE-2301CB170541}"
EndProject
Global
	GlobalSection(SolutionConfigurationPlatforms) = preSolution
		Debug|Any CPU = Debug|Any CPU
		Release|Any CPU = Release|Any CPU
	EndGlobalSection
	GlobalSection(ProjectConfigurationPlatforms) = postSolution
		{84F2E090-C3FF-42DD-A2CE-2301CB170541}.Debug|Any CPU.ActiveCfg = Debug|Any CPU
		{84F2E090-C3FF-42DD-A2CE-2301CB170541}.Debug|Any CPU.Build.0 = Debug|Any CPU
		{84F2E090-C3FF-42DD-A2CE-2301CB170541}.Release|Any CPU.ActiveCfg = Release|Any CPU
		{84F2E090-C3FF-42DD-A2CE-2301CB170541}.Release|Any CPU.Build.0 = Release|Any CPU
	EndGlobalSection
	GlobalSection(SolutionProperties) = preSolution
		HideSolutionNode = FALSE
	EndGlobalSection
	GlobalSection(ExtensibilityGlobals) = postSolution
		SolutionGuid = {635CC779-BE67-4D5A-8ED1-B6196732E0D0}
	EndGlobalSection
EndGlobal
