
Microsoft Visual Studio Solution File, Format Version 12.00
# Visual Studio 14
VisualStudioVersion = 14.0.25420.1
MinimumVisualStudioVersion = 10.0.40219.1
Project("{FAE04EC0-301F-11D3-BF4B-00C04F79EFBC}") = "Herencia", "Herencia\Herencia.csproj", "{76244726-0D0E-454D-AA64-B67C22630B1D}"
EndProject
Project("{FAE04EC0-301F-11D3-BF4B-00C04F79EFBC}") = "AutorLibro", "AutorLibro\AutorLibro.csproj", "{B2767542-0225-4E30-B715-81DB31FBE097}"
EndProject
Project("{FAE04EC0-301F-11D3-BF4B-00C04F79EFBC}") = "Listas", "Listas\Listas.csproj", "{EA625452-9185-49A0-B359-0862E854BBD9}"
EndProject
Global
	GlobalSection(SolutionConfigurationPlatforms) = preSolution
		Debug|Any CPU = Debug|Any CPU
		Release|Any CPU = Release|Any CPU
	EndGlobalSection
	GlobalSection(ProjectConfigurationPlatforms) = postSolution
		{76244726-0D0E-454D-AA64-B67C22630B1D}.Debug|Any CPU.ActiveCfg = Debug|Any CPU
		{76244726-0D0E-454D-AA64-B67C22630B1D}.Debug|Any CPU.Build.0 = Debug|Any CPU
		{76244726-0D0E-454D-AA64-B67C22630B1D}.Release|Any CPU.ActiveCfg = Release|Any CPU
		{76244726-0D0E-454D-AA64-B67C22630B1D}.Release|Any CPU.Build.0 = Release|Any CPU
		{B2767542-0225-4E30-B715-81DB31FBE097}.Debug|Any CPU.ActiveCfg = Debug|Any CPU
		{B2767542-0225-4E30-B715-81DB31FBE097}.Debug|Any CPU.Build.0 = Debug|Any CPU
		{B2767542-0225-4E30-B715-81DB31FBE097}.Release|Any CPU.ActiveCfg = Release|Any CPU
		{B2767542-0225-4E30-B715-81DB31FBE097}.Release|Any CPU.Build.0 = Release|Any CPU
		{EA625452-9185-49A0-B359-0862E854BBD9}.Debug|Any CPU.ActiveCfg = Debug|Any CPU
		{EA625452-9185-49A0-B359-0862E854BBD9}.Debug|Any CPU.Build.0 = Debug|Any CPU
		{EA625452-9185-49A0-B359-0862E854BBD9}.Release|Any CPU.ActiveCfg = Release|Any CPU
		{EA625452-9185-49A0-B359-0862E854BBD9}.Release|Any CPU.Build.0 = Release|Any CPU
	EndGlobalSection
	GlobalSection(SolutionProperties) = preSolution
		HideSolutionNode = FALSE
	EndGlobalSection
EndGlobal
